
Microsoft Visual Studio Solution File, Format Version 12.00
# Visual Studio Version 17
VisualStudioVersion = 17.4.33213.308
MinimumVisualStudioVersion = 10.0.40219.1
Project("{2150E333-8FDC-42A3-9474-1A3956D46DE8}") = "Domain", "Domain", "{B8750F39-9BE3-45D8-9CE1-03B39D3697B0}"
EndProject
Project("{2150E333-8FDC-42A3-9474-1A3956D46DE8}") = "Infra.Bus", "Infra.Bus", "{9FC67730-BA89-4433-AF5E-28555677AE87}"
EndProject
Project("{2150E333-8FDC-42A3-9474-1A3956D46DE8}") = "Infra.Ioc", "Infra.Ioc", "{6FD94A0F-8682-4636-B4D4-24B6B8CE6982}"
EndProject
Project("{2150E333-8FDC-42A3-9474-1A3956D46DE8}") = "Microservices", "Microservices", "{62C52E9B-20D2-40D1-A48B-B5C2A851F5EF}"
EndProject
Project("{9A19103F-16F7-4668-BE54-9A1E7A4F7556}") = "MicroRabbit.Domain.Core", "MicroRabbit.Domain.Core\MicroRabbit.Domain.Core.csproj", "{9049AF5B-9A76-480C-9194-63D9726A1BB0}"
EndProject
Project("{9A19103F-16F7-4668-BE54-9A1E7A4F7556}") = "MicroRabbit.Infra.Bus", "MicroRabbit.Infra.Bus\MicroRabbit.Infra.Bus.csproj", "{1AF22BE6-6329-4D2E-83AF-C65E2AFA2EE5}"
EndProject
Project("{9A19103F-16F7-4668-BE54-9A1E7A4F7556}") = "MicroRabbit.Infra.IoC", "MicroRabbit.Infra.IoC\MicroRabbit.Infra.IoC.csproj", "{7853E9BF-E405-4F48-9594-5DBDD39F1523}"
EndProject
Project("{2150E333-8FDC-42A3-9474-1A3956D46DE8}") = "Banking", "Banking", "{FE9C5A46-C29D-49E8-96B1-FBACFF3A4794}"
EndProject
Project("{2150E333-8FDC-42A3-9474-1A3956D46DE8}") = "API", "API", "{A879275B-0609-4C91-BE07-D0B48249B511}"
EndProject
Project("{2150E333-8FDC-42A3-9474-1A3956D46DE8}") = "Application", "Application", "{BD8D72E0-B44E-4DE0-9D77-9163175CB04D}"
EndProject
Project("{2150E333-8FDC-42A3-9474-1A3956D46DE8}") = "Domain", "Domain", "{61876C80-3948-4500-BC80-95874EDD7FBD}"
EndProject
Project("{2150E333-8FDC-42A3-9474-1A3956D46DE8}") = "Data", "Data", "{90077D43-8BB4-41D5-8475-109B8CEE4E75}"
EndProject
Project("{9A19103F-16F7-4668-BE54-9A1E7A4F7556}") = "MicroRabbit.Banking.Api", "MicroRabbit.Banking.Api\MicroRabbit.Banking.Api.csproj", "{8FB7D6A8-9683-4CF0-9C77-39DB1ACFBF9C}"
EndProject
Project("{9A19103F-16F7-4668-BE54-9A1E7A4F7556}") = "MicroRabbit.Banking.Application", "MicroRabbit.Banking.Application\MicroRabbit.Banking.Application.csproj", "{FFDD9E93-66DD-4407-808F-75CA70F17A60}"
EndProject
Project("{9A19103F-16F7-4668-BE54-9A1E7A4F7556}") = "MicroRabbit.Banking.Data", "MicroRabbit.Banking.Data\MicroRabbit.Banking.Data.csproj", "{072EB9F0-FD6A-4C80-B1E3-7E90F2BE654D}"
EndProject
Project("{9A19103F-16F7-4668-BE54-9A1E7A4F7556}") = "MicroRabbit.Banking.Domain", "MicroRabbit.Banking.Domain\MicroRabbit.Banking.Domain.csproj", "{D30F63D4-ECA3-4B81-80D9-A173BDD74448}"
EndProject
Global
	GlobalSection(SolutionConfigurationPlatforms) = preSolution
		Debug|Any CPU = Debug|Any CPU
		Release|Any CPU = Release|Any CPU
	EndGlobalSection
	GlobalSection(ProjectConfigurationPlatforms) = postSolution
		{9049AF5B-9A76-480C-9194-63D9726A1BB0}.Debug|Any CPU.ActiveCfg = Debug|Any CPU
		{9049AF5B-9A76-480C-9194-63D9726A1BB0}.Debug|Any CPU.Build.0 = Debug|Any CPU
		{9049AF5B-9A76-480C-9194-63D9726A1BB0}.Release|Any CPU.ActiveCfg = Release|Any CPU
		{9049AF5B-9A76-480C-9194-63D9726A1BB0}.Release|Any CPU.Build.0 = Release|Any CPU
		{1AF22BE6-6329-4D2E-83AF-C65E2AFA2EE5}.Debug|Any CPU.ActiveCfg = Debug|Any CPU
		{1AF22BE6-6329-4D2E-83AF-C65E2AFA2EE5}.Debug|Any CPU.Build.0 = Debug|Any CPU
		{1AF22BE6-6329-4D2E-83AF-C65E2AFA2EE5}.Release|Any CPU.ActiveCfg = Release|Any CPU
		{1AF22BE6-6329-4D2E-83AF-C65E2AFA2EE5}.Release|Any CPU.Build.0 = Release|Any CPU
		{7853E9BF-E405-4F48-9594-5DBDD39F1523}.Debug|Any CPU.ActiveCfg = Debug|Any CPU
		{7853E9BF-E405-4F48-9594-5DBDD39F1523}.Debug|Any CPU.Build.0 = Debug|Any CPU
		{7853E9BF-E405-4F48-9594-5DBDD39F1523}.Release|Any CPU.ActiveCfg = Release|Any CPU
		{7853E9BF-E405-4F48-9594-5DBDD39F1523}.Release|Any CPU.Build.0 = Release|Any CPU
		{8FB7D6A8-9683-4CF0-9C77-39DB1ACFBF9C}.Debug|Any CPU.ActiveCfg = Debug|Any CPU
		{8FB7D6A8-9683-4CF0-9C77-39DB1ACFBF9C}.Debug|Any CPU.Build.0 = Debug|Any CPU
		{8FB7D6A8-9683-4CF0-9C77-39DB1ACFBF9C}.Release|Any CPU.ActiveCfg = Release|Any CPU
		{8FB7D6A8-9683-4CF0-9C77-39DB1ACFBF9C}.Release|Any CPU.Build.0 = Release|Any CPU
		{FFDD9E93-66DD-4407-808F-75CA70F17A60}.Debug|Any CPU.ActiveCfg = Debug|Any CPU
		{FFDD9E93-66DD-4407-808F-75CA70F17A60}.Debug|Any CPU.Build.0 = Debug|Any CPU
		{FFDD9E93-66DD-4407-808F-75CA70F17A60}.Release|Any CPU.ActiveCfg = Release|Any CPU
		{FFDD9E93-66DD-4407-808F-75CA70F17A60}.Release|Any CPU.Build.0 = Release|Any CPU
		{072EB9F0-FD6A-4C80-B1E3-7E90F2BE654D}.Debug|Any CPU.ActiveCfg = Debug|Any CPU
		{072EB9F0-FD6A-4C80-B1E3-7E90F2BE654D}.Debug|Any CPU.Build.0 = Debug|Any CPU
		{072EB9F0-FD6A-4C80-B1E3-7E90F2BE654D}.Release|Any CPU.ActiveCfg = Release|Any CPU
		{072EB9F0-FD6A-4C80-B1E3-7E90F2BE654D}.Release|Any CPU.Build.0 = Release|Any CPU
		{D30F63D4-ECA3-4B81-80D9-A173BDD74448}.Debug|Any CPU.ActiveCfg = Debug|Any CPU
		{D30F63D4-ECA3-4B81-80D9-A173BDD74448}.Debug|Any CPU.Build.0 = Debug|Any CPU
		{D30F63D4-ECA3-4B81-80D9-A173BDD74448}.Release|Any CPU.ActiveCfg = Release|Any CPU
		{D30F63D4-ECA3-4B81-80D9-A173BDD74448}.Release|Any CPU.Build.0 = Release|Any CPU
	EndGlobalSection
	GlobalSection(SolutionProperties) = preSolution
		HideSolutionNode = FALSE
	EndGlobalSection
	GlobalSection(NestedProjects) = preSolution
		{9049AF5B-9A76-480C-9194-63D9726A1BB0} = {B8750F39-9BE3-45D8-9CE1-03B39D3697B0}
		{1AF22BE6-6329-4D2E-83AF-C65E2AFA2EE5} = {9FC67730-BA89-4433-AF5E-28555677AE87}
		{7853E9BF-E405-4F48-9594-5DBDD39F1523} = {6FD94A0F-8682-4636-B4D4-24B6B8CE6982}
		{FE9C5A46-C29D-49E8-96B1-FBACFF3A4794} = {62C52E9B-20D2-40D1-A48B-B5C2A851F5EF}
		{A879275B-0609-4C91-BE07-D0B48249B511} = {FE9C5A46-C29D-49E8-96B1-FBACFF3A4794}
		{BD8D72E0-B44E-4DE0-9D77-9163175CB04D} = {FE9C5A46-C29D-49E8-96B1-FBACFF3A4794}
		{61876C80-3948-4500-BC80-95874EDD7FBD} = {FE9C5A46-C29D-49E8-96B1-FBACFF3A4794}
		{90077D43-8BB4-41D5-8475-109B8CEE4E75} = {FE9C5A46-C29D-49E8-96B1-FBACFF3A4794}
		{8FB7D6A8-9683-4CF0-9C77-39DB1ACFBF9C} = {A879275B-0609-4C91-BE07-D0B48249B511}
		{FFDD9E93-66DD-4407-808F-75CA70F17A60} = {BD8D72E0-B44E-4DE0-9D77-9163175CB04D}
		{072EB9F0-FD6A-4C80-B1E3-7E90F2BE654D} = {90077D43-8BB4-41D5-8475-109B8CEE4E75}
		{D30F63D4-ECA3-4B81-80D9-A173BDD74448} = {61876C80-3948-4500-BC80-95874EDD7FBD}
	EndGlobalSection
	GlobalSection(ExtensibilityGlobals) = postSolution
		SolutionGuid = {B97A5471-10DC-4DBB-89D0-E1B6E0AE4474}
	EndGlobalSection
EndGlobal
